
Microsoft Visual Studio Solution File, Format Version 12.00
# Visual Studio Version 17
VisualStudioVersion = 17.0.31903.59
MinimumVisualStudioVersion = 10.0.40219.1
Project("{2150E333-8FDC-42A3-9474-1A3956D46DE8}") = "src", "src", "{827E0CD3-B72D-47B6-A68D-7590B98EB39B}"
EndProject
Project("{FAE04EC0-301F-11D3-BF4B-00C04F79EFBC}") = "SaaS.Domain", "src\SaaS.Domain\SaaS.Domain.csproj", "{BB8A5E61-9C21-4B42-A9F7-DAC614E3AC13}"
EndProject
Project("{FAE04EC0-301F-11D3-BF4B-00C04F79EFBC}") = "SaaS.Application", "src\SaaS.Application\SaaS.Application.csproj", "{4E98DC61-975C-4354-B2A9-0CF29B39E594}"
EndProject
Project("{FAE04EC0-301F-11D3-BF4B-00C04F79EFBC}") = "SaaS.Infrastructure", "src\SaaS.Infrastructure\SaaS.Infrastructure.csproj", "{DD30F565-DBF0-4408-9B5C-C429AD97CD33}"
EndProject
Project("{FAE04EC0-301F-11D3-BF4B-00C04F79EFBC}") = "SaaS.WebApi", "src\SaaS.WebApi\SaaS.WebApi.csproj", "{BADD07A3-9451-429F-9F84-F6CA5067F05C}"
EndProject
Project("{2150E333-8FDC-42A3-9474-1A3956D46DE8}") = "tests", "tests", "{0AB3BF05-4346-4AA6-1389-037BE0695223}"
EndProject
Project("{FAE04EC0-301F-11D3-BF4B-00C04F79EFBC}") = "SaaS.UnitTests", "tests\SaaS.UnitTests\SaaS.UnitTests.csproj", "{9055D553-EE2C-49C7-AA0E-1386BC01B8CC}"
EndProject
Global
	GlobalSection(SolutionConfigurationPlatforms) = preSolution
		Debug|Any CPU = Debug|Any CPU
		Debug|x64 = Debug|x64
		Debug|x86 = Debug|x86
		Release|Any CPU = Release|Any CPU
		Release|x64 = Release|x64
		Release|x86 = Release|x86
	EndGlobalSection
	GlobalSection(ProjectConfigurationPlatforms) = postSolution
		{BB8A5E61-9C21-4B42-A9F7-DAC614E3AC13}.Debug|Any CPU.ActiveCfg = Debug|Any CPU
		{BB8A5E61-9C21-4B42-A9F7-DAC614E3AC13}.Debug|Any CPU.Build.0 = Debug|Any CPU
		{BB8A5E61-9C21-4B42-A9F7-DAC614E3AC13}.Debug|x64.ActiveCfg = Debug|Any CPU
		{BB8A5E61-9C21-4B42-A9F7-DAC614E3AC13}.Debug|x64.Build.0 = Debug|Any CPU
		{BB8A5E61-9C21-4B42-A9F7-DAC614E3AC13}.Debug|x86.ActiveCfg = Debug|Any CPU
		{BB8A5E61-9C21-4B42-A9F7-DAC614E3AC13}.Debug|x86.Build.0 = Debug|Any CPU
		{BB8A5E61-9C21-4B42-A9F7-DAC614E3AC13}.Release|Any CPU.ActiveCfg = Release|Any CPU
		{BB8A5E61-9C21-4B42-A9F7-DAC614E3AC13}.Release|Any CPU.Build.0 = Release|Any CPU
		{BB8A5E61-9C21-4B42-A9F7-DAC614E3AC13}.Release|x64.ActiveCfg = Release|Any CPU
		{BB8A5E61-9C21-4B42-A9F7-DAC614E3AC13}.Release|x64.Build.0 = Release|Any CPU
		{BB8A5E61-9C21-4B42-A9F7-DAC614E3AC13}.Release|x86.ActiveCfg = Release|Any CPU
		{BB8A5E61-9C21-4B42-A9F7-DAC614E3AC13}.Release|x86.Build.0 = Release|Any CPU
		{4E98DC61-975C-4354-B2A9-0CF29B39E594}.Debug|Any CPU.ActiveCfg = Debug|Any CPU
		{4E98DC61-975C-4354-B2A9-0CF29B39E594}.Debug|Any CPU.Build.0 = Debug|Any CPU
		{4E98DC61-975C-4354-B2A9-0CF29B39E594}.Debug|x64.ActiveCfg = Debug|Any CPU
		{4E98DC61-975C-4354-B2A9-0CF29B39E594}.Debug|x64.Build.0 = Debug|Any CPU
		{4E98DC61-975C-4354-B2A9-0CF29B39E594}.Debug|x86.ActiveCfg = Debug|Any CPU
		{4E98DC61-975C-4354-B2A9-0CF29B39E594}.Debug|x86.Build.0 = Debug|Any CPU
		{4E98DC61-975C-4354-B2A9-0CF29B39E594}.Release|Any CPU.ActiveCfg = Release|Any CPU
		{4E98DC61-975C-4354-B2A9-0CF29B39E594}.Release|Any CPU.Build.0 = Release|Any CPU
		{4E98DC61-975C-4354-B2A9-0CF29B39E594}.Release|x64.ActiveCfg = Release|Any CPU
		{4E98DC61-975C-4354-B2A9-0CF29B39E594}.Release|x64.Build.0 = Release|Any CPU
		{4E98DC61-975C-4354-B2A9-0CF29B39E594}.Release|x86.ActiveCfg = Release|Any CPU
		{4E98DC61-975C-4354-B2A9-0CF29B39E594}.Release|x86.Build.0 = Release|Any CPU
		{DD30F565-DBF0-4408-9B5C-C429AD97CD33}.Debug|Any CPU.ActiveCfg = Debug|Any CPU
		{DD30F565-DBF0-4408-9B5C-C429AD97CD33}.Debug|Any CPU.Build.0 = Debug|Any CPU
		{DD30F565-DBF0-4408-9B5C-C429AD97CD33}.Debug|x64.ActiveCfg = Debug|Any CPU
		{DD30F565-DBF0-4408-9B5C-C429AD97CD33}.Debug|x64.Build.0 = Debug|Any CPU
		{DD30F565-DBF0-4408-9B5C-C429AD97CD33}.Debug|x86.ActiveCfg = Debug|Any CPU
		{DD30F565-DBF0-4408-9B5C-C429AD97CD33}.Debug|x86.Build.0 = Debug|Any CPU
		{DD30F565-DBF0-4408-9B5C-C429AD97CD33}.Release|Any CPU.ActiveCfg = Release|Any CPU
		{DD30F565-DBF0-4408-9B5C-C429AD97CD33}.Release|Any CPU.Build.0 = Release|Any CPU
		{DD30F565-DBF0-4408-9B5C-C429AD97CD33}.Release|x64.ActiveCfg = Release|Any CPU
		{DD30F565-DBF0-4408-9B5C-C429AD97CD33}.Release|x64.Build.0 = Release|Any CPU
		{DD30F565-DBF0-4408-9B5C-C429AD97CD33}.Release|x86.ActiveCfg = Release|Any CPU
		{DD30F565-DBF0-4408-9B5C-C429AD97CD33}.Release|x86.Build.0 = Release|Any CPU
		{BADD07A3-9451-429F-9F84-F6CA5067F05C}.Debug|Any CPU.ActiveCfg = Debug|Any CPU
		{BADD07A3-9451-429F-9F84-F6CA5067F05C}.Debug|Any CPU.Build.0 = Debug|Any CPU
		{BADD07A3-9451-429F-9F84-F6CA5067F05C}.Debug|x64.ActiveCfg = Debug|Any CPU
		{BADD07A3-9451-429F-9F84-F6CA5067F05C}.Debug|x64.Build.0 = Debug|Any CPU
		{BADD07A3-9451-429F-9F84-F6CA5067F05C}.Debug|x86.ActiveCfg = Debug|Any CPU
		{BADD07A3-9451-429F-9F84-F6CA5067F05C}.Debug|x86.Build.0 = Debug|Any CPU
		{BADD07A3-9451-429F-9F84-F6CA5067F05C}.Release|Any CPU.ActiveCfg = Release|Any CPU
		{BADD07A3-9451-429F-9F84-F6CA5067F05C}.Release|Any CPU.Build.0 = Release|Any CPU
		{BADD07A3-9451-429F-9F84-F6CA5067F05C}.Release|x64.ActiveCfg = Release|Any CPU
		{BADD07A3-9451-429F-9F84-F6CA5067F05C}.Release|x64.Build.0 = Release|Any CPU
		{BADD07A3-9451-429F-9F84-F6CA5067F05C}.Release|x86.ActiveCfg = Release|Any CPU
		{BADD07A3-9451-429F-9F84-F6CA5067F05C}.Release|x86.Build.0 = Release|Any CPU
		{9055D553-EE2C-49C7-AA0E-1386BC01B8CC}.Debug|Any CPU.ActiveCfg = Debug|Any CPU
		{9055D553-EE2C-49C7-AA0E-1386BC01B8CC}.Debug|Any CPU.Build.0 = Debug|Any CPU
		{9055D553-EE2C-49C7-AA0E-1386BC01B8CC}.Debug|x64.ActiveCfg = Debug|Any CPU
		{9055D553-EE2C-49C7-AA0E-1386BC01B8CC}.Debug|x64.Build.0 = Debug|Any CPU
		{9055D553-EE2C-49C7-AA0E-1386BC01B8CC}.Debug|x86.ActiveCfg = Debug|Any CPU
		{9055D553-EE2C-49C7-AA0E-1386BC01B8CC}.Debug|x86.Build.0 = Debug|Any CPU
		{9055D553-EE2C-49C7-AA0E-1386BC01B8CC}.Release|Any CPU.ActiveCfg = Release|Any CPU
		{9055D553-EE2C-49C7-AA0E-1386BC01B8CC}.Release|Any CPU.Build.0 = Release|Any CPU
		{9055D553-EE2C-49C7-AA0E-1386BC01B8CC}.Release|x64.ActiveCfg = Release|Any CPU
		{9055D553-EE2C-49C7-AA0E-1386BC01B8CC}.Release|x64.Build.0 = Release|Any CPU
		{9055D553-EE2C-49C7-AA0E-1386BC01B8CC}.Release|x86.ActiveCfg = Release|Any CPU
		{9055D553-EE2C-49C7-AA0E-1386BC01B8CC}.Release|x86.Build.0 = Release|Any CPU
	EndGlobalSection
	GlobalSection(SolutionProperties) = preSolution
		HideSolutionNode = FALSE
	EndGlobalSection
	GlobalSection(NestedProjects) = preSolution
		{BB8A5E61-9C21-4B42-A9F7-DAC614E3AC13} = {827E0CD3-B72D-47B6-A68D-7590B98EB39B}
		{4E98DC61-975C-4354-B2A9-0CF29B39E594} = {827E0CD3-B72D-47B6-A68D-7590B98EB39B}
		{DD30F565-DBF0-4408-9B5C-C429AD97CD33} = {827E0CD3-B72D-47B6-A68D-7590B98EB39B}
		{BADD07A3-9451-429F-9F84-F6CA5067F05C} = {827E0CD3-B72D-47B6-A68D-7590B98EB39B}
		{9055D553-EE2C-49C7-AA0E-1386BC01B8CC} = {0AB3BF05-4346-4AA6-1389-037BE0695223}
	EndGlobalSection
EndGlobal
